// !$*UTF8*$!
{
	archiveVersion = 1;
	classes = {
	};
	objectVersion = 46;
	objects = {

/* Begin PBXBuildFile section */
		646F95D51F5C6589007687DF /* Sign.swift in Sources */ = {isa = PBXBuildFile; fileRef = 646F95D41F5C6589007687DF /* Sign.swift */; };
		6478C8591F5B2B140035D67A /* AppDelegate.swift in Sources */ = {isa = PBXBuildFile; fileRef = 6478C8581F5B2B140035D67A /* AppDelegate.swift */; };
		6478C85B1F5B2B140035D67A /* SignsCollectionViewController.swift in Sources */ = {isa = PBXBuildFile; fileRef = 6478C85A1F5B2B140035D67A /* SignsCollectionViewController.swift */; };
		6478C85E1F5B2B140035D67A /* Main.storyboard in Resources */ = {isa = PBXBuildFile; fileRef = 6478C85C1F5B2B140035D67A /* Main.storyboard */; };
		6478C8601F5B2B140035D67A /* Assets.xcassets in Resources */ = {isa = PBXBuildFile; fileRef = 6478C85F1F5B2B140035D67A /* Assets.xcassets */; };
		6478C8631F5B2B140035D67A /* LaunchScreen.storyboard in Resources */ = {isa = PBXBuildFile; fileRef = 6478C8611F5B2B140035D67A /* LaunchScreen.storyboard */; };
		6490BF8D1F6430F20071CED3 /* SignPreviewViewController.swift in Sources */ = {isa = PBXBuildFile; fileRef = 6490BF8C1F6430F20071CED3 /* SignPreviewViewController.swift */; };
		6490BF901F6431390071CED3 /* SignCompatibilityViewController.swift in Sources */ = {isa = PBXBuildFile; fileRef = 6490BF8F1F6431390071CED3 /* SignCompatibilityViewController.swift */; };
		6490BF921F64350C0071CED3 /* SignCollectionViewCell.swift in Sources */ = {isa = PBXBuildFile; fileRef = 6490BF911F64350C0071CED3 /* SignCollectionViewCell.swift */; };
		6490BF951F6436500071CED3 /* NavigationCoordinator.swift in Sources */ = {isa = PBXBuildFile; fileRef = 6490BF941F6436500071CED3 /* NavigationCoordinator.swift */; };
		8A2EF07BF980C7A773661AE0 /* Pods_Horoscop.framework in Frameworks */ = {isa = PBXBuildFile; fileRef = C7AD48DA1CDEF473BDA13188 /* Pods_Horoscop.framework */; };
		9B442B8C22B057DD000ED0E0 /* SignFactory.swift in Sources */ = {isa = PBXBuildFile; fileRef = 9B442B8B22B057DD000ED0E0 /* SignFactory.swift */; };
		9B59214B22AEF45A00A5EE9D /* Horoscope.swift in Sources */ = {isa = PBXBuildFile; fileRef = 9B59214A22AEF45A00A5EE9D /* Horoscope.swift */; };
		9B59214E22AEF78000A5EE9D /* HoroscopeService.swift in Sources */ = {isa = PBXBuildFile; fileRef = 9B59214D22AEF78000A5EE9D /* HoroscopeService.swift */; };
		9BC25D0022C50B9B002F68AF /* URLFactory.swift in Sources */ = {isa = PBXBuildFile; fileRef = 9BC25CFF22C50B9B002F68AF /* URLFactory.swift */; };
		C11C0C1720F4E26D0020D834 /* SignDetailsController.swift in Sources */ = {isa = PBXBuildFile; fileRef = C11C0C1620F4E26D0020D834 /* SignDetailsController.swift */; };
		C11FFE2C20F761D4008DA316 /* StringFormatter.swift in Sources */ = {isa = PBXBuildFile; fileRef = C11FFE2B20F761D4008DA316 /* StringFormatter.swift */; };
		C11FFE2E20F79D8A008DA316 /* Constants.swift in Sources */ = {isa = PBXBuildFile; fileRef = C11FFE2D20F79D8A008DA316 /* Constants.swift */; };
		C137669621060FE100B6C68C /* Networking.swift in Sources */ = {isa = PBXBuildFile; fileRef = C137669521060FE100B6C68C /* Networking.swift */; };
		C137669F2106180C00B6C68C /* ErrorViewController.swift in Sources */ = {isa = PBXBuildFile; fileRef = C137669D2106180C00B6C68C /* ErrorViewController.swift */; };
		C13766A02106180C00B6C68C /* ErrorViewController.xib in Resources */ = {isa = PBXBuildFile; fileRef = C137669E2106180C00B6C68C /* ErrorViewController.xib */; };
		C152CDED20FE313100012ADB /* SignDetailedCompatibilityPresenter.swift in Sources */ = {isa = PBXBuildFile; fileRef = C152CDEC20FE313100012ADB /* SignDetailedCompatibilityPresenter.swift */; };
		C168305820FD1E5F00DDEF71 /* SignCompatibilityTableViewCell.swift in Sources */ = {isa = PBXBuildFile; fileRef = C168305720FD1E5F00DDEF71 /* SignCompatibilityTableViewCell.swift */; };
		C16E8F39211F5A4F00B7F7DA /* HoroscopModelData.xcdatamodeld in Sources */ = {isa = PBXBuildFile; fileRef = C16E8F37211F5A4F00B7F7DA /* HoroscopModelData.xcdatamodeld */; };
		C18BA75820FDF92400A615FA /* GoogleService-Info.plist in Resources */ = {isa = PBXBuildFile; fileRef = C18BA75720FDF92300A615FA /* GoogleService-Info.plist */; };
		C19A219520FE110500193223 /* SignDetailedCompatibilityViewController.swift in Sources */ = {isa = PBXBuildFile; fileRef = C19A219420FE110500193223 /* SignDetailedCompatibilityViewController.swift */; };
		C1B46F4C20FF9F9800A7441D /* SignDetailedWebViewPresenter.swift in Sources */ = {isa = PBXBuildFile; fileRef = C1B46F4B20FF9F9800A7441D /* SignDetailedWebViewPresenter.swift */; };
		C1BD4166200BEB5E0031BE23 /* Colors.swift in Sources */ = {isa = PBXBuildFile; fileRef = C1BD4165200BEB5E0031BE23 /* Colors.swift */; };
/* End PBXBuildFile section */

/* Begin PBXFileReference section */
		0E718F62E8818F551C99F648 /* Pods-Horoscop.debug.xcconfig */ = {isa = PBXFileReference; includeInIndex = 1; lastKnownFileType = text.xcconfig; name = "Pods-Horoscop.debug.xcconfig"; path = "Pods/Target Support Files/Pods-Horoscop/Pods-Horoscop.debug.xcconfig"; sourceTree = "<group>"; };
		646F95D41F5C6589007687DF /* Sign.swift */ = {isa = PBXFileReference; fileEncoding = 4; lastKnownFileType = sourcecode.swift; path = Sign.swift; sourceTree = "<group>"; };
		6478C8551F5B2B140035D67A /* Horoscop.app */ = {isa = PBXFileReference; explicitFileType = wrapper.application; includeInIndex = 0; path = Horoscop.app; sourceTree = BUILT_PRODUCTS_DIR; };
		6478C8581F5B2B140035D67A /* AppDelegate.swift */ = {isa = PBXFileReference; lastKnownFileType = sourcecode.swift; path = AppDelegate.swift; sourceTree = "<group>"; };
		6478C85A1F5B2B140035D67A /* SignsCollectionViewController.swift */ = {isa = PBXFileReference; lastKnownFileType = sourcecode.swift; path = SignsCollectionViewController.swift; sourceTree = "<group>"; };
		6478C85D1F5B2B140035D67A /* Base */ = {isa = PBXFileReference; lastKnownFileType = file.storyboard; name = Base; path = Base.lproj/Main.storyboard; sourceTree = "<group>"; };
		6478C85F1F5B2B140035D67A /* Assets.xcassets */ = {isa = PBXFileReference; lastKnownFileType = folder.assetcatalog; path = Assets.xcassets; sourceTree = "<group>"; };
		6478C8621F5B2B140035D67A /* Base */ = {isa = PBXFileReference; lastKnownFileType = file.storyboard; name = Base; path = Base.lproj/LaunchScreen.storyboard; sourceTree = "<group>"; };
		6478C8641F5B2B140035D67A /* Info.plist */ = {isa = PBXFileReference; lastKnownFileType = text.plist.xml; path = Info.plist; sourceTree = "<group>"; };
		6490BF8C1F6430F20071CED3 /* SignPreviewViewController.swift */ = {isa = PBXFileReference; fileEncoding = 4; lastKnownFileType = sourcecode.swift; path = SignPreviewViewController.swift; sourceTree = "<group>"; };
		6490BF8F1F6431390071CED3 /* SignCompatibilityViewController.swift */ = {isa = PBXFileReference; fileEncoding = 4; lastKnownFileType = sourcecode.swift; path = SignCompatibilityViewController.swift; sourceTree = "<group>"; };
		6490BF911F64350C0071CED3 /* SignCollectionViewCell.swift */ = {isa = PBXFileReference; fileEncoding = 4; lastKnownFileType = sourcecode.swift; path = SignCollectionViewCell.swift; sourceTree = "<group>"; };
		6490BF941F6436500071CED3 /* NavigationCoordinator.swift */ = {isa = PBXFileReference; fileEncoding = 4; lastKnownFileType = sourcecode.swift; name = NavigationCoordinator.swift; path = Navigation/NavigationCoordinator.swift; sourceTree = "<group>"; };
		7C4A97A680E019EA098A47CA /* Pods-Horoscop.release.xcconfig */ = {isa = PBXFileReference; includeInIndex = 1; lastKnownFileType = text.xcconfig; name = "Pods-Horoscop.release.xcconfig"; path = "Pods/Target Support Files/Pods-Horoscop/Pods-Horoscop.release.xcconfig"; sourceTree = "<group>"; };
		9B442B8B22B057DD000ED0E0 /* SignFactory.swift */ = {isa = PBXFileReference; lastKnownFileType = sourcecode.swift; path = SignFactory.swift; sourceTree = "<group>"; };
		9B59214A22AEF45A00A5EE9D /* Horoscope.swift */ = {isa = PBXFileReference; lastKnownFileType = sourcecode.swift; path = Horoscope.swift; sourceTree = "<group>"; };
		9B59214D22AEF78000A5EE9D /* HoroscopeService.swift */ = {isa = PBXFileReference; lastKnownFileType = sourcecode.swift; path = HoroscopeService.swift; sourceTree = "<group>"; };
		9BC25CFF22C50B9B002F68AF /* URLFactory.swift */ = {isa = PBXFileReference; lastKnownFileType = sourcecode.swift; path = URLFactory.swift; sourceTree = "<group>"; };
		C11C0C1620F4E26D0020D834 /* SignDetailsController.swift */ = {isa = PBXFileReference; lastKnownFileType = sourcecode.swift; path = SignDetailsController.swift; sourceTree = "<group>"; };
		C11FFE2B20F761D4008DA316 /* StringFormatter.swift */ = {isa = PBXFileReference; lastKnownFileType = sourcecode.swift; path = StringFormatter.swift; sourceTree = "<group>"; };
		C11FFE2D20F79D8A008DA316 /* Constants.swift */ = {isa = PBXFileReference; lastKnownFileType = sourcecode.swift; path = Constants.swift; sourceTree = "<group>"; };
		C137669521060FE100B6C68C /* Networking.swift */ = {isa = PBXFileReference; lastKnownFileType = sourcecode.swift; path = Networking.swift; sourceTree = "<group>"; };
		C137669D2106180C00B6C68C /* ErrorViewController.swift */ = {isa = PBXFileReference; lastKnownFileType = sourcecode.swift; path = ErrorViewController.swift; sourceTree = "<group>"; };
		C137669E2106180C00B6C68C /* ErrorViewController.xib */ = {isa = PBXFileReference; lastKnownFileType = file.xib; path = ErrorViewController.xib; sourceTree = "<group>"; };
		C152CDEC20FE313100012ADB /* SignDetailedCompatibilityPresenter.swift */ = {isa = PBXFileReference; lastKnownFileType = sourcecode.swift; path = SignDetailedCompatibilityPresenter.swift; sourceTree = "<group>"; };
		C168305720FD1E5F00DDEF71 /* SignCompatibilityTableViewCell.swift */ = {isa = PBXFileReference; lastKnownFileType = sourcecode.swift; path = SignCompatibilityTableViewCell.swift; sourceTree = "<group>"; };
		C16E8F38211F5A4F00B7F7DA /* HoroscopModelData.xcdatamodel */ = {isa = PBXFileReference; lastKnownFileType = wrapper.xcdatamodel; path = HoroscopModelData.xcdatamodel; sourceTree = "<group>"; };
		C18BA75720FDF92300A615FA /* GoogleService-Info.plist */ = {isa = PBXFileReference; fileEncoding = 4; lastKnownFileType = text.plist.xml; path = "GoogleService-Info.plist"; sourceTree = "<group>"; };
		C19A219420FE110500193223 /* SignDetailedCompatibilityViewController.swift */ = {isa = PBXFileReference; lastKnownFileType = sourcecode.swift; path = SignDetailedCompatibilityViewController.swift; sourceTree = "<group>"; };
		C1B46F4B20FF9F9800A7441D /* SignDetailedWebViewPresenter.swift */ = {isa = PBXFileReference; lastKnownFileType = sourcecode.swift; path = SignDetailedWebViewPresenter.swift; sourceTree = "<group>"; };
		C1BD4165200BEB5E0031BE23 /* Colors.swift */ = {isa = PBXFileReference; lastKnownFileType = sourcecode.swift; path = Colors.swift; sourceTree = "<group>"; };
		C7AD48DA1CDEF473BDA13188 /* Pods_Horoscop.framework */ = {isa = PBXFileReference; explicitFileType = wrapper.framework; includeInIndex = 0; path = Pods_Horoscop.framework; sourceTree = BUILT_PRODUCTS_DIR; };
/* End PBXFileReference section */

/* Begin PBXFrameworksBuildPhase section */
		6478C8521F5B2B140035D67A /* Frameworks */ = {
			isa = PBXFrameworksBuildPhase;
			buildActionMask = 2147483647;
			files = (
				8A2EF07BF980C7A773661AE0 /* Pods_Horoscop.framework in Frameworks */,
			);
			runOnlyForDeploymentPostprocessing = 0;
		};
/* End PBXFrameworksBuildPhase section */

/* Begin PBXGroup section */
		012F550B13D91CF798161552 /* Frameworks */ = {
			isa = PBXGroup;
			children = (
				C7AD48DA1CDEF473BDA13188 /* Pods_Horoscop.framework */,
			);
			name = Frameworks;
			sourceTree = "<group>";
		};
		6478C84C1F5B2B140035D67A = {
			isa = PBXGroup;
			children = (
				6478C8571F5B2B140035D67A /* Horoscop */,
				6478C8561F5B2B140035D67A /* Products */,
				8F2B5C12056C8C8E90780715 /* Pods */,
				012F550B13D91CF798161552 /* Frameworks */,
			);
			sourceTree = "<group>";
		};
		6478C8561F5B2B140035D67A /* Products */ = {
			isa = PBXGroup;
			children = (
				6478C8551F5B2B140035D67A /* Horoscop.app */,
			);
			name = Products;
			sourceTree = "<group>";
		};
		6478C8571F5B2B140035D67A /* Horoscop */ = {
			isa = PBXGroup;
			children = (
				6490BF991F64419A0071CED3 /* Model */,
				C16E8F36211F5A2A00B7F7DA /* CoreData */,
				9B59214C22AEF47C00A5EE9D /* Networking */,
				9B442B8D22B194B2000ED0E0 /* Views */,
				C13766982106130400B6C68C /* ViewControllers */,
				9B442B8E22B197EB000ED0E0 /* ViewModels */,
				6490BF961F6436540071CED3 /* Navigation */,
				C1BD4164200BEB480031BE23 /* Utils */,
				6478C8581F5B2B140035D67A /* AppDelegate.swift */,
				6478C85C1F5B2B140035D67A /* Main.storyboard */,
				6478C85F1F5B2B140035D67A /* Assets.xcassets */,
				6478C8611F5B2B140035D67A /* LaunchScreen.storyboard */,
				6478C8641F5B2B140035D67A /* Info.plist */,
				C18BA75720FDF92300A615FA /* GoogleService-Info.plist */,
			);
			path = Horoscop;
			sourceTree = "<group>";
		};
		6490BF961F6436540071CED3 /* Navigation */ = {
			isa = PBXGroup;
			children = (
				6490BF941F6436500071CED3 /* NavigationCoordinator.swift */,
			);
			name = Navigation;
			sourceTree = "<group>";
		};
		6490BF991F64419A0071CED3 /* Model */ = {
			isa = PBXGroup;
			children = (
				9B59214A22AEF45A00A5EE9D /* Horoscope.swift */,
				9B442B8B22B057DD000ED0E0 /* SignFactory.swift */,
				646F95D41F5C6589007687DF /* Sign.swift */,
			);
			name = Model;
			sourceTree = "<group>";
		};
		8F2B5C12056C8C8E90780715 /* Pods */ = {
			isa = PBXGroup;
			children = (
				0E718F62E8818F551C99F648 /* Pods-Horoscop.debug.xcconfig */,
				7C4A97A680E019EA098A47CA /* Pods-Horoscop.release.xcconfig */,
			);
			name = Pods;
			sourceTree = "<group>";
		};
		9B442B8D22B194B2000ED0E0 /* Views */ = {
			isa = PBXGroup;
			children = (
				9B442B8F22B19840000ED0E0 /* Cells */,
				C1376697210612E300B6C68C /* ErrorView */,
			);
			name = Views;
			sourceTree = "<group>";
		};
		9B442B8E22B197EB000ED0E0 /* ViewModels */ = {
			isa = PBXGroup;
			children = (
				C1B46F4B20FF9F9800A7441D /* SignDetailedWebViewPresenter.swift */,
				C152CDEC20FE313100012ADB /* SignDetailedCompatibilityPresenter.swift */,
			);
			name = ViewModels;
			sourceTree = "<group>";
		};
		9B442B8F22B19840000ED0E0 /* Cells */ = {
			isa = PBXGroup;
			children = (
				6490BF911F64350C0071CED3 /* SignCollectionViewCell.swift */,
				C168305720FD1E5F00DDEF71 /* SignCompatibilityTableViewCell.swift */,
			);
			path = Cells;
			sourceTree = "<group>";
		};
		9B59214C22AEF47C00A5EE9D /* Networking */ = {
			isa = PBXGroup;
			children = (
				9B59214D22AEF78000A5EE9D /* HoroscopeService.swift */,
				9BC25CFF22C50B9B002F68AF /* URLFactory.swift */,
			);
			name = Networking;
			sourceTree = "<group>";
		};
		C1376697210612E300B6C68C /* ErrorView */ = {
			isa = PBXGroup;
			children = (
				C137669D2106180C00B6C68C /* ErrorViewController.swift */,
				C137669E2106180C00B6C68C /* ErrorViewController.xib */,
			);
			path = ErrorView;
			sourceTree = "<group>";
		};
		C13766982106130400B6C68C /* ViewControllers */ = {
			isa = PBXGroup;
			children = (
				6478C85A1F5B2B140035D67A /* SignsCollectionViewController.swift */,
				6490BF8C1F6430F20071CED3 /* SignPreviewViewController.swift */,
				C11C0C1620F4E26D0020D834 /* SignDetailsController.swift */,
				C19A219420FE110500193223 /* SignDetailedCompatibilityViewController.swift */,
				6490BF8F1F6431390071CED3 /* SignCompatibilityViewController.swift */,
			);
			path = ViewControllers;
			sourceTree = "<group>";
		};
		C16E8F36211F5A2A00B7F7DA /* CoreData */ = {
			isa = PBXGroup;
			children = (
				C16E8F37211F5A4F00B7F7DA /* HoroscopModelData.xcdatamodeld */,
			);
			name = CoreData;
			sourceTree = "<group>";
		};
		C1BD4164200BEB480031BE23 /* Utils */ = {
			isa = PBXGroup;
			children = (
				C1BD4165200BEB5E0031BE23 /* Colors.swift */,
				C11FFE2B20F761D4008DA316 /* StringFormatter.swift */,
				C11FFE2D20F79D8A008DA316 /* Constants.swift */,
				C137669521060FE100B6C68C /* Networking.swift */,
			);
			name = Utils;
			sourceTree = "<group>";
		};
/* End PBXGroup section */

/* Begin PBXNativeTarget section */
		6478C8541F5B2B140035D67A /* Horoscop */ = {
			isa = PBXNativeTarget;
			buildConfigurationList = 6478C8671F5B2B140035D67A /* Build configuration list for PBXNativeTarget "Horoscop" */;
			buildPhases = (
				E71846253A4AE937D40FC8A1 /* [CP] Check Pods Manifest.lock */,
				6478C8511F5B2B140035D67A /* Sources */,
				6478C8521F5B2B140035D67A /* Frameworks */,
				6478C8531F5B2B140035D67A /* Resources */,
				6C94047E8FCF317EBE3E6246 /* [CP] Embed Pods Frameworks */,
			);
			buildRules = (
			);
			dependencies = (
			);
			name = Horoscop;
			productName = Horoscop;
			productReference = 6478C8551F5B2B140035D67A /* Horoscop.app */;
			productType = "com.apple.product-type.application";
		};
/* End PBXNativeTarget section */

/* Begin PBXProject section */
		6478C84D1F5B2B140035D67A /* Project object */ = {
			isa = PBXProject;
			attributes = {
				LastSwiftUpdateCheck = 0830;
				LastUpgradeCheck = 0830;
				ORGANIZATIONNAME = "Voicu Narcis";
				TargetAttributes = {
					6478C8541F5B2B140035D67A = {
						CreatedOnToolsVersion = 8.3.3;
						DevelopmentTeam = H8Q62M33XE;
						ProvisioningStyle = Automatic;
					};
				};
			};
			buildConfigurationList = 6478C8501F5B2B140035D67A /* Build configuration list for PBXProject "Horoscop" */;
			compatibilityVersion = "Xcode 3.2";
			developmentRegion = English;
			hasScannedForEncodings = 0;
			knownRegions = (
				English,
				en,
				Base,
			);
			mainGroup = 6478C84C1F5B2B140035D67A;
			productRefGroup = 6478C8561F5B2B140035D67A /* Products */;
			projectDirPath = "";
			projectRoot = "";
			targets = (
				6478C8541F5B2B140035D67A /* Horoscop */,
			);
		};
/* End PBXProject section */

/* Begin PBXResourcesBuildPhase section */
		6478C8531F5B2B140035D67A /* Resources */ = {
			isa = PBXResourcesBuildPhase;
			buildActionMask = 2147483647;
			files = (
				6478C8631F5B2B140035D67A /* LaunchScreen.storyboard in Resources */,
				C18BA75820FDF92400A615FA /* GoogleService-Info.plist in Resources */,
				6478C8601F5B2B140035D67A /* Assets.xcassets in Resources */,
				C13766A02106180C00B6C68C /* ErrorViewController.xib in Resources */,
				6478C85E1F5B2B140035D67A /* Main.storyboard in Resources */,
			);
			runOnlyForDeploymentPostprocessing = 0;
		};
/* End PBXResourcesBuildPhase section */

/* Begin PBXShellScriptBuildPhase section */
		6C94047E8FCF317EBE3E6246 /* [CP] Embed Pods Frameworks */ = {
			isa = PBXShellScriptBuildPhase;
			buildActionMask = 2147483647;
			files = (
			);
			inputPaths = (
				"${SRCROOT}/Pods/Target Support Files/Pods-Horoscop/Pods-Horoscop-frameworks.sh",
				"${BUILT_PRODUCTS_DIR}/Alamofire/Alamofire.framework",
				"${BUILT_PRODUCTS_DIR}/GoogleToolboxForMac/GoogleToolboxForMac.framework",
				"${BUILT_PRODUCTS_DIR}/leveldb-library/leveldb.framework",
				"${BUILT_PRODUCTS_DIR}/nanopb/nanopb.framework",
			);
			name = "[CP] Embed Pods Frameworks";
			outputPaths = (
				"${TARGET_BUILD_DIR}/${FRAMEWORKS_FOLDER_PATH}/Alamofire.framework",
				"${TARGET_BUILD_DIR}/${FRAMEWORKS_FOLDER_PATH}/GoogleToolboxForMac.framework",
				"${TARGET_BUILD_DIR}/${FRAMEWORKS_FOLDER_PATH}/leveldb.framework",
				"${TARGET_BUILD_DIR}/${FRAMEWORKS_FOLDER_PATH}/nanopb.framework",
			);
			runOnlyForDeploymentPostprocessing = 0;
			shellPath = /bin/sh;
			shellScript = "\"${SRCROOT}/Pods/Target Support Files/Pods-Horoscop/Pods-Horoscop-frameworks.sh\"\n";
			showEnvVarsInLog = 0;
		};
		E71846253A4AE937D40FC8A1 /* [CP] Check Pods Manifest.lock */ = {
			isa = PBXShellScriptBuildPhase;
			buildActionMask = 2147483647;
			files = (
			);
			inputPaths = (
				"${PODS_PODFILE_DIR_PATH}/Podfile.lock",
				"${PODS_ROOT}/Manifest.lock",
			);
			name = "[CP] Check Pods Manifest.lock";
			outputPaths = (
				"$(DERIVED_FILE_DIR)/Pods-Horoscop-checkManifestLockResult.txt",
			);
			runOnlyForDeploymentPostprocessing = 0;
			shellPath = /bin/sh;
			shellScript = "diff \"${PODS_PODFILE_DIR_PATH}/Podfile.lock\" \"${PODS_ROOT}/Manifest.lock\" > /dev/null\nif [ $? != 0 ] ; then\n    # print error to STDERR\n    echo \"error: The sandbox is not in sync with the Podfile.lock. Run 'pod install' or update your CocoaPods installation.\" >&2\n    exit 1\nfi\n# This output is used by Xcode 'outputs' to avoid re-running this script phase.\necho \"SUCCESS\" > \"${SCRIPT_OUTPUT_FILE_0}\"\n";
			showEnvVarsInLog = 0;
		};
/* End PBXShellScriptBuildPhase section */

/* Begin PBXSourcesBuildPhase section */
		6478C8511F5B2B140035D67A /* Sources */ = {
			isa = PBXSourcesBuildPhase;
			buildActionMask = 2147483647;
			files = (
				6490BF8D1F6430F20071CED3 /* SignPreviewViewController.swift in Sources */,
				C11FFE2C20F761D4008DA316 /* StringFormatter.swift in Sources */,
				9B442B8C22B057DD000ED0E0 /* SignFactory.swift in Sources */,
				C1BD4166200BEB5E0031BE23 /* Colors.swift in Sources */,
				C137669F2106180C00B6C68C /* ErrorViewController.swift in Sources */,
				C11FFE2E20F79D8A008DA316 /* Constants.swift in Sources */,
				9B59214E22AEF78000A5EE9D /* HoroscopeService.swift in Sources */,
				C137669621060FE100B6C68C /* Networking.swift in Sources */,
				646F95D51F5C6589007687DF /* Sign.swift in Sources */,
				C1B46F4C20FF9F9800A7441D /* SignDetailedWebViewPresenter.swift in Sources */,
				6478C85B1F5B2B140035D67A /* SignsCollectionViewController.swift in Sources */,
				6490BF921F64350C0071CED3 /* SignCollectionViewCell.swift in Sources */,
				C16E8F39211F5A4F00B7F7DA /* HoroscopModelData.xcdatamodeld in Sources */,
				C19A219520FE110500193223 /* SignDetailedCompatibilityViewController.swift in Sources */,
				6490BF901F6431390071CED3 /* SignCompatibilityViewController.swift in Sources */,
				C168305820FD1E5F00DDEF71 /* SignCompatibilityTableViewCell.swift in Sources */,
				9B59214B22AEF45A00A5EE9D /* Horoscope.swift in Sources */,
				6490BF951F6436500071CED3 /* NavigationCoordinator.swift in Sources */,
				C11C0C1720F4E26D0020D834 /* SignDetailsController.swift in Sources */,
				6478C8591F5B2B140035D67A /* AppDelegate.swift in Sources */,
				9BC25D0022C50B9B002F68AF /* URLFactory.swift in Sources */,
				C152CDED20FE313100012ADB /* SignDetailedCompatibilityPresenter.swift in Sources */,
			);
			runOnlyForDeploymentPostprocessing = 0;
		};
/* End PBXSourcesBuildPhase section */

/* Begin PBXVariantGroup section */
		6478C85C1F5B2B140035D67A /* Main.storyboard */ = {
			isa = PBXVariantGroup;
			children = (
				6478C85D1F5B2B140035D67A /* Base */,
			);
			name = Main.storyboard;
			sourceTree = "<group>";
		};
		6478C8611F5B2B140035D67A /* LaunchScreen.storyboard */ = {
			isa = PBXVariantGroup;
			children = (
				6478C8621F5B2B140035D67A /* Base */,
			);
			name = LaunchScreen.storyboard;
			sourceTree = "<group>";
		};
/* End PBXVariantGroup section */

/* Begin XCBuildConfiguration section */
		6478C8651F5B2B140035D67A /* Debug */ = {
			isa = XCBuildConfiguration;
			buildSettings = {
				ALWAYS_SEARCH_USER_PATHS = NO;
				CLANG_ANALYZER_NONNULL = YES;
				CLANG_ANALYZER_NUMBER_OBJECT_CONVERSION = YES_AGGRESSIVE;
				CLANG_CXX_LANGUAGE_STANDARD = "gnu++0x";
				CLANG_CXX_LIBRARY = "libc++";
				CLANG_ENABLE_MODULES = YES;
				CLANG_ENABLE_OBJC_ARC = YES;
				CLANG_WARN_BOOL_CONVERSION = YES;
				CLANG_WARN_CONSTANT_CONVERSION = YES;
				CLANG_WARN_DIRECT_OBJC_ISA_USAGE = YES_ERROR;
				CLANG_WARN_DOCUMENTATION_COMMENTS = YES;
				CLANG_WARN_EMPTY_BODY = YES;
				CLANG_WARN_ENUM_CONVERSION = YES;
				CLANG_WARN_INFINITE_RECURSION = YES;
				CLANG_WARN_INT_CONVERSION = YES;
				CLANG_WARN_OBJC_ROOT_CLASS = YES_ERROR;
				CLANG_WARN_SUSPICIOUS_MOVE = YES;
				CLANG_WARN_UNREACHABLE_CODE = YES;
				CLANG_WARN__DUPLICATE_METHOD_MATCH = YES;
				"CODE_SIGN_IDENTITY[sdk=iphoneos*]" = "iPhone Developer";
				COPY_PHASE_STRIP = NO;
				DEBUG_INFORMATION_FORMAT = dwarf;
				ENABLE_STRICT_OBJC_MSGSEND = YES;
				ENABLE_TESTABILITY = YES;
				GCC_C_LANGUAGE_STANDARD = gnu99;
				GCC_DYNAMIC_NO_PIC = NO;
				GCC_NO_COMMON_BLOCKS = YES;
				GCC_OPTIMIZATION_LEVEL = 0;
				GCC_PREPROCESSOR_DEFINITIONS = (
					"DEBUG=1",
					"$(inherited)",
				);
				GCC_WARN_64_TO_32_BIT_CONVERSION = YES;
				GCC_WARN_ABOUT_RETURN_TYPE = YES_ERROR;
				GCC_WARN_UNDECLARED_SELECTOR = YES;
				GCC_WARN_UNINITIALIZED_AUTOS = YES_AGGRESSIVE;
				GCC_WARN_UNUSED_FUNCTION = YES;
				GCC_WARN_UNUSED_VARIABLE = YES;
				IPHONEOS_DEPLOYMENT_TARGET = 10.3;
				MTL_ENABLE_DEBUG_INFO = YES;
				ONLY_ACTIVE_ARCH = YES;
				SDKROOT = iphoneos;
				SWIFT_ACTIVE_COMPILATION_CONDITIONS = DEBUG;
				SWIFT_OPTIMIZATION_LEVEL = "-Onone";
			};
			name = Debug;
		};
		6478C8661F5B2B140035D67A /* Release */ = {
			isa = XCBuildConfiguration;
			buildSettings = {
				ALWAYS_SEARCH_USER_PATHS = NO;
				CLANG_ANALYZER_NONNULL = YES;
				CLANG_ANALYZER_NUMBER_OBJECT_CONVERSION = YES_AGGRESSIVE;
				CLANG_CXX_LANGUAGE_STANDARD = "gnu++0x";
				CLANG_CXX_LIBRARY = "libc++";
				CLANG_ENABLE_MODULES = YES;
				CLANG_ENABLE_OBJC_ARC = YES;
				CLANG_WARN_BOOL_CONVERSION = YES;
				CLANG_WARN_CONSTANT_CONVERSION = YES;
				CLANG_WARN_DIRECT_OBJC_ISA_USAGE = YES_ERROR;
				CLANG_WARN_DOCUMENTATION_COMMENTS = YES;
				CLANG_WARN_EMPTY_BODY = YES;
				CLANG_WARN_ENUM_CONVERSION = YES;
				CLANG_WARN_INFINITE_RECURSION = YES;
				CLANG_WARN_INT_CONVERSION = YES;
				CLANG_WARN_OBJC_ROOT_CLASS = YES_ERROR;
				CLANG_WARN_SUSPICIOUS_MOVE = YES;
				CLANG_WARN_UNREACHABLE_CODE = YES;
				CLANG_WARN__DUPLICATE_METHOD_MATCH = YES;
				"CODE_SIGN_IDENTITY[sdk=iphoneos*]" = "iPhone Developer";
				COPY_PHASE_STRIP = NO;
				DEBUG_INFORMATION_FORMAT = "dwarf-with-dsym";
				ENABLE_NS_ASSERTIONS = NO;
				ENABLE_STRICT_OBJC_MSGSEND = YES;
				GCC_C_LANGUAGE_STANDARD = gnu99;
				GCC_NO_COMMON_BLOCKS = YES;
				GCC_WARN_64_TO_32_BIT_CONVERSION = YES;
				GCC_WARN_ABOUT_RETURN_TYPE = YES_ERROR;
				GCC_WARN_UNDECLARED_SELECTOR = YES;
				GCC_WARN_UNINITIALIZED_AUTOS = YES_AGGRESSIVE;
				GCC_WARN_UNUSED_FUNCTION = YES;
				GCC_WARN_UNUSED_VARIABLE = YES;
				IPHONEOS_DEPLOYMENT_TARGET = 10.3;
				MTL_ENABLE_DEBUG_INFO = NO;
				SDKROOT = iphoneos;
				SWIFT_OPTIMIZATION_LEVEL = "-Owholemodule";
				VALIDATE_PRODUCT = YES;
			};
			name = Release;
		};
		6478C8681F5B2B140035D67A /* Debug */ = {
			isa = XCBuildConfiguration;
			baseConfigurationReference = 0E718F62E8818F551C99F648 /* Pods-Horoscop.debug.xcconfig */;
			buildSettings = {
				ASSETCATALOG_COMPILER_APPICON_NAME = AppIcon;
				DEVELOPMENT_TEAM = H8Q62M33XE;
				INFOPLIST_FILE = Horoscop/Info.plist;
				IPHONEOS_DEPLOYMENT_TARGET = 11.0;
				LD_RUNPATH_SEARCH_PATHS = "$(inherited) @executable_path/Frameworks";
				PRODUCT_BUNDLE_IDENTIFIER = ro.narcis.Horoscop;
				PRODUCT_NAME = "$(TARGET_NAME)";
				SWIFT_VERSION = 4.0;
			};
			name = Debug;
		};
		6478C8691F5B2B140035D67A /* Release */ = {
			isa = XCBuildConfiguration;
			baseConfigurationReference = 7C4A97A680E019EA098A47CA /* Pods-Horoscop.release.xcconfig */;
			buildSettings = {
				ASSETCATALOG_COMPILER_APPICON_NAME = AppIcon;
				DEVELOPMENT_TEAM = H8Q62M33XE;
				INFOPLIST_FILE = Horoscop/Info.plist;
				IPHONEOS_DEPLOYMENT_TARGET = 11.0;
				LD_RUNPATH_SEARCH_PATHS = "$(inherited) @executable_path/Frameworks";
				PRODUCT_BUNDLE_IDENTIFIER = ro.narcis.Horoscop;
				PRODUCT_NAME = "$(TARGET_NAME)";
				SWIFT_VERSION = 4.0;
			};
			name = Release;
		};
/* End XCBuildConfiguration section */

/* Begin XCConfigurationList section */
		6478C8501F5B2B140035D67A /* Build configuration list for PBXProject "Horoscop" */ = {
			isa = XCConfigurationList;
			buildConfigurations = (
				6478C8651F5B2B140035D67A /* Debug */,
				6478C8661F5B2B140035D67A /* Release */,
			);
			defaultConfigurationIsVisible = 0;
			defaultConfigurationName = Release;
		};
		6478C8671F5B2B140035D67A /* Build configuration list for PBXNativeTarget "Horoscop" */ = {
			isa = XCConfigurationList;
			buildConfigurations = (
				6478C8681F5B2B140035D67A /* Debug */,
				6478C8691F5B2B140035D67A /* Release */,
			);
			defaultConfigurationIsVisible = 0;
			defaultConfigurationName = Release;
		};
/* End XCConfigurationList section */

/* Begin XCVersionGroup section */
		C16E8F37211F5A4F00B7F7DA /* HoroscopModelData.xcdatamodeld */ = {
			isa = XCVersionGroup;
			children = (
				C16E8F38211F5A4F00B7F7DA /* HoroscopModelData.xcdatamodel */,
			);
			currentVersion = C16E8F38211F5A4F00B7F7DA /* HoroscopModelData.xcdatamodel */;
			path = HoroscopModelData.xcdatamodeld;
			sourceTree = "<group>";
			versionGroupType = wrapper.xcdatamodel;
		};
/* End XCVersionGroup section */
	};
	rootObject = 6478C84D1F5B2B140035D67A /* Project object */;
}
